// !$*UTF8*$!
{
	archiveVersion = 1;
	classes = {
	};
	objectVersion = 46;
	objects = {

/* Begin PBXBuildFile section */
		344D182A1AEC05CB00A70C5A /* Consts.swift in Sources */ = {isa = PBXBuildFile; fileRef = 344D18291AEC05CB00A70C5A /* Consts.swift */; };
		34501AC81B11E6F100611306 /* CommentsViewController.swift in Sources */ = {isa = PBXBuildFile; fileRef = 34501AC71B11E6F100611306 /* CommentsViewController.swift */; };
		34501AC91B11E76100611306 /* Main.storyboard in Resources */ = {isa = PBXBuildFile; fileRef = 34501ACB1B11E76100611306 /* Main.storyboard */; };
		34501ACD1B11EAD000611306 /* BetComment.swift in Sources */ = {isa = PBXBuildFile; fileRef = 34501ACC1B11EAD000611306 /* BetComment.swift */; };
		34501ACF1B11F1D000611306 /* CommentDetailsViewController.swift in Sources */ = {isa = PBXBuildFile; fileRef = 34501ACE1B11F1D000611306 /* CommentDetailsViewController.swift */; };
		345D55811AF292740014280F /* BetsViewController.swift in Sources */ = {isa = PBXBuildFile; fileRef = 345D55801AF292740014280F /* BetsViewController.swift */; };
		345D55831AF292BB0014280F /* MyBetsViewController.swift in Sources */ = {isa = PBXBuildFile; fileRef = 345D55821AF292BB0014280F /* MyBetsViewController.swift */; };
		345D9B981AE3B40F00FB2915 /* RegisterViewController.swift in Sources */ = {isa = PBXBuildFile; fileRef = 345D9B971AE3B40F00FB2915 /* RegisterViewController.swift */; };
		347B67741AE2A470003DCEE1 /* AppDelegate.swift in Sources */ = {isa = PBXBuildFile; fileRef = 347B67731AE2A470003DCEE1 /* AppDelegate.swift */; };
		347B67771AE2A470003DCEE1 /* Email.xcdatamodeld in Sources */ = {isa = PBXBuildFile; fileRef = 347B67751AE2A470003DCEE1 /* Email.xcdatamodeld */; };
		347B67791AE2A470003DCEE1 /* LoginViewController.swift in Sources */ = {isa = PBXBuildFile; fileRef = 347B67781AE2A470003DCEE1 /* LoginViewController.swift */; };
		347B677E1AE2A470003DCEE1 /* Images.xcassets in Resources */ = {isa = PBXBuildFile; fileRef = 347B677D1AE2A470003DCEE1 /* Images.xcassets */; };
		347B67811AE2A470003DCEE1 /* LaunchScreen.xib in Resources */ = {isa = PBXBuildFile; fileRef = 347B677F1AE2A470003DCEE1 /* LaunchScreen.xib */; };
		347B678D1AE2A470003DCEE1 /* EmailTests.swift in Sources */ = {isa = PBXBuildFile; fileRef = 347B678C1AE2A470003DCEE1 /* EmailTests.swift */; };
		347B67981AE2A537003DCEE1 /* AuthenticationAndRegistration.swift in Sources */ = {isa = PBXBuildFile; fileRef = 347B67971AE2A537003DCEE1 /* AuthenticationAndRegistration.swift */; };
		34997DCF1AF3CC1A0045B70B /* Bet.swift in Sources */ = {isa = PBXBuildFile; fileRef = 34997DCE1AF3CC1A0045B70B /* Bet.swift */; };
		34997DD11AF3CF740045B70B /* BetDetailsViewController.swift in Sources */ = {isa = PBXBuildFile; fileRef = 34997DD01AF3CF740045B70B /* BetDetailsViewController.swift */; };
		34997DD31AF3D3410045B70B /* CreateBetViewController.swift in Sources */ = {isa = PBXBuildFile; fileRef = 34997DD21AF3D3410045B70B /* CreateBetViewController.swift */; };
/* End PBXBuildFile section */

/* Begin PBXContainerItemProxy section */
		347B67871AE2A470003DCEE1 /* PBXContainerItemProxy */ = {
			isa = PBXContainerItemProxy;
			containerPortal = 347B67661AE2A46F003DCEE1 /* Project object */;
			proxyType = 1;
			remoteGlobalIDString = 347B676D1AE2A46F003DCEE1;
			remoteInfo = Email;
		};
/* End PBXContainerItemProxy section */

/* Begin PBXCopyFilesBuildPhase section */
		344D18231AEC020400A70C5A /* CopyFiles */ = {
			isa = PBXCopyFilesBuildPhase;
			buildActionMask = 12;
			dstPath = "";
			dstSubfolderSpec = 10;
			files = (
			);
			runOnlyForDeploymentPostprocessing = 0;
		};
/* End PBXCopyFilesBuildPhase section */

/* Begin PBXFileReference section */
		344D18291AEC05CB00A70C5A /* Consts.swift */ = {isa = PBXFileReference; fileEncoding = 4; lastKnownFileType = sourcecode.swift; path = Consts.swift; sourceTree = "<group>"; };
		34501AC71B11E6F100611306 /* CommentsViewController.swift */ = {isa = PBXFileReference; fileEncoding = 4; lastKnownFileType = sourcecode.swift; path = CommentsViewController.swift; sourceTree = "<group>"; };
		34501ACA1B11E76100611306 /* Base */ = {isa = PBXFileReference; lastKnownFileType = file.storyboard; name = Base; path = Base.lproj/Main.storyboard; sourceTree = "<group>"; };
		34501ACC1B11EAD000611306 /* BetComment.swift */ = {isa = PBXFileReference; fileEncoding = 4; lastKnownFileType = sourcecode.swift; path = BetComment.swift; sourceTree = "<group>"; };
		34501ACE1B11F1D000611306 /* CommentDetailsViewController.swift */ = {isa = PBXFileReference; fileEncoding = 4; lastKnownFileType = sourcecode.swift; path = CommentDetailsViewController.swift; sourceTree = "<group>"; };
		345D55801AF292740014280F /* BetsViewController.swift */ = {isa = PBXFileReference; fileEncoding = 4; lastKnownFileType = sourcecode.swift; path = BetsViewController.swift; sourceTree = "<group>"; };
		345D55821AF292BB0014280F /* MyBetsViewController.swift */ = {isa = PBXFileReference; fileEncoding = 4; lastKnownFileType = sourcecode.swift; path = MyBetsViewController.swift; sourceTree = "<group>"; };
		345D9B971AE3B40F00FB2915 /* RegisterViewController.swift */ = {isa = PBXFileReference; fileEncoding = 4; lastKnownFileType = sourcecode.swift; path = RegisterViewController.swift; sourceTree = "<group>"; };
		347B676E1AE2A46F003DCEE1 /* Email.app */ = {isa = PBXFileReference; explicitFileType = wrapper.application; includeInIndex = 0; path = Email.app; sourceTree = BUILT_PRODUCTS_DIR; };
		347B67721AE2A470003DCEE1 /* Info.plist */ = {isa = PBXFileReference; lastKnownFileType = text.plist.xml; path = Info.plist; sourceTree = "<group>"; };
		347B67731AE2A470003DCEE1 /* AppDelegate.swift */ = {isa = PBXFileReference; lastKnownFileType = sourcecode.swift; path = AppDelegate.swift; sourceTree = "<group>"; };
		347B67761AE2A470003DCEE1 /* Email.xcdatamodel */ = {isa = PBXFileReference; lastKnownFileType = wrapper.xcdatamodel; path = Email.xcdatamodel; sourceTree = "<group>"; };
		347B67781AE2A470003DCEE1 /* LoginViewController.swift */ = {isa = PBXFileReference; lastKnownFileType = sourcecode.swift; path = LoginViewController.swift; sourceTree = "<group>"; };
		347B677D1AE2A470003DCEE1 /* Images.xcassets */ = {isa = PBXFileReference; lastKnownFileType = folder.assetcatalog; path = Images.xcassets; sourceTree = "<group>"; };
		347B67801AE2A470003DCEE1 /* Base */ = {isa = PBXFileReference; lastKnownFileType = file.xib; name = Base; path = Base.lproj/LaunchScreen.xib; sourceTree = "<group>"; };
		347B67861AE2A470003DCEE1 /* EmailTests.xctest */ = {isa = PBXFileReference; explicitFileType = wrapper.cfbundle; includeInIndex = 0; path = EmailTests.xctest; sourceTree = BUILT_PRODUCTS_DIR; };
		347B678B1AE2A470003DCEE1 /* Info.plist */ = {isa = PBXFileReference; lastKnownFileType = text.plist.xml; path = Info.plist; sourceTree = "<group>"; };
		347B678C1AE2A470003DCEE1 /* EmailTests.swift */ = {isa = PBXFileReference; lastKnownFileType = sourcecode.swift; path = EmailTests.swift; sourceTree = "<group>"; };
		347B67971AE2A537003DCEE1 /* AuthenticationAndRegistration.swift */ = {isa = PBXFileReference; fileEncoding = 4; lastKnownFileType = sourcecode.swift; path = AuthenticationAndRegistration.swift; sourceTree = "<group>"; };
		34997DCE1AF3CC1A0045B70B /* Bet.swift */ = {isa = PBXFileReference; fileEncoding = 4; lastKnownFileType = sourcecode.swift; path = Bet.swift; sourceTree = "<group>"; };
		34997DD01AF3CF740045B70B /* BetDetailsViewController.swift */ = {isa = PBXFileReference; fileEncoding = 4; lastKnownFileType = sourcecode.swift; path = BetDetailsViewController.swift; sourceTree = "<group>"; };
		34997DD21AF3D3410045B70B /* CreateBetViewController.swift */ = {isa = PBXFileReference; fileEncoding = 4; lastKnownFileType = sourcecode.swift; path = CreateBetViewController.swift; sourceTree = "<group>"; };
/* End PBXFileReference section */

/* Begin PBXFrameworksBuildPhase section */
		347B676B1AE2A46F003DCEE1 /* Frameworks */ = {
			isa = PBXFrameworksBuildPhase;
			buildActionMask = 2147483647;
			files = (
			);
			runOnlyForDeploymentPostprocessing = 0;
		};
		347B67831AE2A470003DCEE1 /* Frameworks */ = {
			isa = PBXFrameworksBuildPhase;
			buildActionMask = 2147483647;
			files = (
			);
			runOnlyForDeploymentPostprocessing = 0;
		};
/* End PBXFrameworksBuildPhase section */

/* Begin PBXGroup section */
		345D9B961AE3B3BC00FB2915 /* Controllers */ = {
			isa = PBXGroup;
			children = (
				347B67781AE2A470003DCEE1 /* LoginViewController.swift */,
				345D9B971AE3B40F00FB2915 /* RegisterViewController.swift */,
				345D55801AF292740014280F /* BetsViewController.swift */,
				345D55821AF292BB0014280F /* MyBetsViewController.swift */,
				34997DD01AF3CF740045B70B /* BetDetailsViewController.swift */,
				34997DD21AF3D3410045B70B /* CreateBetViewController.swift */,
				34501AC71B11E6F100611306 /* CommentsViewController.swift */,
				34501ACE1B11F1D000611306 /* CommentDetailsViewController.swift */,
			);
			name = Controllers;
			sourceTree = "<group>";
		};
		347B67651AE2A46F003DCEE1 = {
			isa = PBXGroup;
			children = (
				347B67701AE2A46F003DCEE1 /* Email */,
				347B67891AE2A470003DCEE1 /* EmailTests */,
				347B676F1AE2A46F003DCEE1 /* Products */,
			);
			sourceTree = "<group>";
		};
		347B676F1AE2A46F003DCEE1 /* Products */ = {
			isa = PBXGroup;
			children = (
				347B676E1AE2A46F003DCEE1 /* Email.app */,
				347B67861AE2A470003DCEE1 /* EmailTests.xctest */,
			);
			name = Products;
			sourceTree = "<group>";
		};
		347B67701AE2A46F003DCEE1 /* Email */ = {
			isa = PBXGroup;
			children = (
				34501ACB1B11E76100611306 /* Main.storyboard */,
				34997DC91AF3C9CE0045B70B /* Model */,
				345D9B961AE3B3BC00FB2915 /* Controllers */,
				347B67961AE2A4FF003DCEE1 /* Logic */,
				347B67731AE2A470003DCEE1 /* AppDelegate.swift */,
				344D18291AEC05CB00A70C5A /* Consts.swift */,
				347B677D1AE2A470003DCEE1 /* Images.xcassets */,
				347B677F1AE2A470003DCEE1 /* LaunchScreen.xib */,
				347B67751AE2A470003DCEE1 /* Email.xcdatamodeld */,
				347B67711AE2A470003DCEE1 /* Supporting Files */,
			);
			path = Email;
			sourceTree = "<group>";
		};
		347B67711AE2A470003DCEE1 /* Supporting Files */ = {
			isa = PBXGroup;
			children = (
				347B67721AE2A470003DCEE1 /* Info.plist */,
			);
			name = "Supporting Files";
			sourceTree = "<group>";
		};
		347B67891AE2A470003DCEE1 /* EmailTests */ = {
			isa = PBXGroup;
			children = (
				347B678C1AE2A470003DCEE1 /* EmailTests.swift */,
				347B678A1AE2A470003DCEE1 /* Supporting Files */,
			);
			path = EmailTests;
			sourceTree = "<group>";
		};
		347B678A1AE2A470003DCEE1 /* Supporting Files */ = {
			isa = PBXGroup;
			children = (
				347B678B1AE2A470003DCEE1 /* Info.plist */,
			);
			name = "Supporting Files";
			sourceTree = "<group>";
		};
		347B67961AE2A4FF003DCEE1 /* Logic */ = {
			isa = PBXGroup;
			children = (
				347B67971AE2A537003DCEE1 /* AuthenticationAndRegistration.swift */,
			);
			name = Logic;
			sourceTree = "<group>";
		};
		34997DC91AF3C9CE0045B70B /* Model */ = {
			isa = PBXGroup;
			children = (
				34997DCE1AF3CC1A0045B70B /* Bet.swift */,
				34501ACC1B11EAD000611306 /* BetComment.swift */,
			);
			name = Model;
			sourceTree = "<group>";
		};
/* End PBXGroup section */

/* Begin PBXNativeTarget section */
		347B676D1AE2A46F003DCEE1 /* Email */ = {
			isa = PBXNativeTarget;
			buildConfigurationList = 347B67901AE2A470003DCEE1 /* Build configuration list for PBXNativeTarget "Email" */;
			buildPhases = (
				347B676A1AE2A46F003DCEE1 /* Sources */,
				347B676B1AE2A46F003DCEE1 /* Frameworks */,
				347B676C1AE2A46F003DCEE1 /* Resources */,
				344D18231AEC020400A70C5A /* CopyFiles */,
			);
			buildRules = (
			);
			dependencies = (
			);
			name = Email;
			productName = Email;
			productReference = 347B676E1AE2A46F003DCEE1 /* Email.app */;
			productType = "com.apple.product-type.application";
		};
		347B67851AE2A470003DCEE1 /* EmailTests */ = {
			isa = PBXNativeTarget;
			buildConfigurationList = 347B67931AE2A470003DCEE1 /* Build configuration list for PBXNativeTarget "EmailTests" */;
			buildPhases = (
				347B67821AE2A470003DCEE1 /* Sources */,
				347B67831AE2A470003DCEE1 /* Frameworks */,
				347B67841AE2A470003DCEE1 /* Resources */,
			);
			buildRules = (
			);
			dependencies = (
				347B67881AE2A470003DCEE1 /* PBXTargetDependency */,
			);
			name = EmailTests;
			productName = EmailTests;
			productReference = 347B67861AE2A470003DCEE1 /* EmailTests.xctest */;
			productType = "com.apple.product-type.bundle.unit-test";
		};
/* End PBXNativeTarget section */

/* Begin PBXProject section */
		347B67661AE2A46F003DCEE1 /* Project object */ = {
			isa = PBXProject;
			attributes = {
				LastUpgradeCheck = 0620;
				ORGANIZATIONNAME = "Szymon Wójcik";
				TargetAttributes = {
					347B676D1AE2A46F003DCEE1 = {
						CreatedOnToolsVersion = 6.2;
						DevelopmentTeam = J5D3QD3M3Y;
					};
					347B67851AE2A470003DCEE1 = {
						CreatedOnToolsVersion = 6.2;
						TestTargetID = 347B676D1AE2A46F003DCEE1;
					};
				};
			};
			buildConfigurationList = 347B67691AE2A46F003DCEE1 /* Build configuration list for PBXProject "Email" */;
			compatibilityVersion = "Xcode 3.2";
			developmentRegion = English;
			hasScannedForEncodings = 0;
			knownRegions = (
				Base,
			);
			mainGroup = 347B67651AE2A46F003DCEE1;
			productRefGroup = 347B676F1AE2A46F003DCEE1 /* Products */;
			projectDirPath = "";
			projectRoot = "";
			targets = (
				347B676D1AE2A46F003DCEE1 /* Email */,
				347B67851AE2A470003DCEE1 /* EmailTests */,
			);
		};
/* End PBXProject section */

/* Begin PBXResourcesBuildPhase section */
		347B676C1AE2A46F003DCEE1 /* Resources */ = {
			isa = PBXResourcesBuildPhase;
			buildActionMask = 2147483647;
			files = (
				34501AC91B11E76100611306 /* Main.storyboard in Resources */,
				347B67811AE2A470003DCEE1 /* LaunchScreen.xib in Resources */,
				347B677E1AE2A470003DCEE1 /* Images.xcassets in Resources */,
			);
			runOnlyForDeploymentPostprocessing = 0;
		};
		347B67841AE2A470003DCEE1 /* Resources */ = {
			isa = PBXResourcesBuildPhase;
			buildActionMask = 2147483647;
			files = (
			);
			runOnlyForDeploymentPostprocessing = 0;
		};
/* End PBXResourcesBuildPhase section */

/* Begin PBXSourcesBuildPhase section */
		347B676A1AE2A46F003DCEE1 /* Sources */ = {
			isa = PBXSourcesBuildPhase;
			buildActionMask = 2147483647;
			files = (
				345D55831AF292BB0014280F /* MyBetsViewController.swift in Sources */,
				34501ACD1B11EAD000611306 /* BetComment.swift in Sources */,
				34997DD11AF3CF740045B70B /* BetDetailsViewController.swift in Sources */,
				345D55811AF292740014280F /* BetsViewController.swift in Sources */,
				347B67981AE2A537003DCEE1 /* AuthenticationAndRegistration.swift in Sources */,
				344D182A1AEC05CB00A70C5A /* Consts.swift in Sources */,
				345D9B981AE3B40F00FB2915 /* RegisterViewController.swift in Sources */,
				347B67791AE2A470003DCEE1 /* LoginViewController.swift in Sources */,
				347B67771AE2A470003DCEE1 /* Email.xcdatamodeld in Sources */,
				34501AC81B11E6F100611306 /* CommentsViewController.swift in Sources */,
				347B67741AE2A470003DCEE1 /* AppDelegate.swift in Sources */,
				34501ACF1B11F1D000611306 /* CommentDetailsViewController.swift in Sources */,
				34997DD31AF3D3410045B70B /* CreateBetViewController.swift in Sources */,
				34997DCF1AF3CC1A0045B70B /* Bet.swift in Sources */,
			);
			runOnlyForDeploymentPostprocessing = 0;
		};
		347B67821AE2A470003DCEE1 /* Sources */ = {
			isa = PBXSourcesBuildPhase;
			buildActionMask = 2147483647;
			files = (
				347B678D1AE2A470003DCEE1 /* EmailTests.swift in Sources */,
			);
			runOnlyForDeploymentPostprocessing = 0;
		};
/* End PBXSourcesBuildPhase section */

/* Begin PBXTargetDependency section */
		347B67881AE2A470003DCEE1 /* PBXTargetDependency */ = {
			isa = PBXTargetDependency;
			target = 347B676D1AE2A46F003DCEE1 /* Email */;
			targetProxy = 347B67871AE2A470003DCEE1 /* PBXContainerItemProxy */;
		};
/* End PBXTargetDependency section */

/* Begin PBXVariantGroup section */
		34501ACB1B11E76100611306 /* Main.storyboard */ = {
			isa = PBXVariantGroup;
			children = (
				34501ACA1B11E76100611306 /* Base */,
			);
			name = Main.storyboard;
			sourceTree = "<group>";
		};
		347B677F1AE2A470003DCEE1 /* LaunchScreen.xib */ = {
			isa = PBXVariantGroup;
			children = (
				347B67801AE2A470003DCEE1 /* Base */,
			);
			name = LaunchScreen.xib;
			sourceTree = "<group>";
		};
/* End PBXVariantGroup section */

/* Begin XCBuildConfiguration section */
		347B678E1AE2A470003DCEE1 /* Debug */ = {
			isa = XCBuildConfiguration;
			buildSettings = {
				ALWAYS_SEARCH_USER_PATHS = NO;
				CLANG_CXX_LANGUAGE_STANDARD = "gnu++0x";
				CLANG_CXX_LIBRARY = "libc++";
				CLANG_ENABLE_MODULES = YES;
				CLANG_ENABLE_OBJC_ARC = YES;
				CLANG_WARN_BOOL_CONVERSION = YES;
				CLANG_WARN_CONSTANT_CONVERSION = YES;
				CLANG_WARN_DIRECT_OBJC_ISA_USAGE = YES_ERROR;
				CLANG_WARN_EMPTY_BODY = YES;
				CLANG_WARN_ENUM_CONVERSION = YES;
				CLANG_WARN_INT_CONVERSION = YES;
				CLANG_WARN_OBJC_ROOT_CLASS = YES_ERROR;
				CLANG_WARN_UNREACHABLE_CODE = YES;
				CLANG_WARN__DUPLICATE_METHOD_MATCH = YES;
				"CODE_SIGN_IDENTITY[sdk=iphoneos*]" = "iPhone Developer";
				COPY_PHASE_STRIP = NO;
				ENABLE_STRICT_OBJC_MSGSEND = YES;
				GCC_C_LANGUAGE_STANDARD = gnu99;
				GCC_DYNAMIC_NO_PIC = NO;
				GCC_OPTIMIZATION_LEVEL = 0;
				GCC_PREPROCESSOR_DEFINITIONS = (
					"DEBUG=1",
					"$(inherited)",
				);
				GCC_SYMBOLS_PRIVATE_EXTERN = NO;
				GCC_WARN_64_TO_32_BIT_CONVERSION = YES;
				GCC_WARN_ABOUT_RETURN_TYPE = YES_ERROR;
				GCC_WARN_UNDECLARED_SELECTOR = YES;
				GCC_WARN_UNINITIALIZED_AUTOS = YES_AGGRESSIVE;
				GCC_WARN_UNUSED_FUNCTION = YES;
				GCC_WARN_UNUSED_VARIABLE = YES;
				IPHONEOS_DEPLOYMENT_TARGET = 8.2;
				MTL_ENABLE_DEBUG_INFO = YES;
				ONLY_ACTIVE_ARCH = YES;
				SDKROOT = iphoneos;
				SWIFT_OPTIMIZATION_LEVEL = "-Onone";
				TARGETED_DEVICE_FAMILY = "1,2";
			};
			name = Debug;
		};
		347B678F1AE2A470003DCEE1 /* Release */ = {
			isa = XCBuildConfiguration;
			buildSettings = {
				ALWAYS_SEARCH_USER_PATHS = NO;
				CLANG_CXX_LANGUAGE_STANDARD = "gnu++0x";
				CLANG_CXX_LIBRARY = "libc++";
				CLANG_ENABLE_MODULES = YES;
				CLANG_ENABLE_OBJC_ARC = YES;
				CLANG_WARN_BOOL_CONVERSION = YES;
				CLANG_WARN_CONSTANT_CONVERSION = YES;
				CLANG_WARN_DIRECT_OBJC_ISA_USAGE = YES_ERROR;
				CLANG_WARN_EMPTY_BODY = YES;
				CLANG_WARN_ENUM_CONVERSION = YES;
				CLANG_WARN_INT_CONVERSION = YES;
				CLANG_WARN_OBJC_ROOT_CLASS = YES_ERROR;
				CLANG_WARN_UNREACHABLE_CODE = YES;
				CLANG_WARN__DUPLICATE_METHOD_MATCH = YES;
				"CODE_SIGN_IDENTITY[sdk=iphoneos*]" = "iPhone Developer";
				COPY_PHASE_STRIP = NO;
				ENABLE_NS_ASSERTIONS = NO;
				ENABLE_STRICT_OBJC_MSGSEND = YES;
				GCC_C_LANGUAGE_STANDARD = gnu99;
				GCC_WARN_64_TO_32_BIT_CONVERSION = YES;
				GCC_WARN_ABOUT_RETURN_TYPE = YES_ERROR;
				GCC_WARN_UNDECLARED_SELECTOR = YES;
				GCC_WARN_UNINITIALIZED_AUTOS = YES_AGGRESSIVE;
				GCC_WARN_UNUSED_FUNCTION = YES;
				GCC_WARN_UNUSED_VARIABLE = YES;
				IPHONEOS_DEPLOYMENT_TARGET = 8.2;
				MTL_ENABLE_DEBUG_INFO = NO;
				SDKROOT = iphoneos;
				TARGETED_DEVICE_FAMILY = "1,2";
				VALIDATE_PRODUCT = YES;
			};
			name = Release;
		};
		347B67911AE2A470003DCEE1 /* Debug */ = {
			isa = XCBuildConfiguration;
			buildSettings = {
				ASSETCATALOG_COMPILER_APPICON_NAME = AppIcon;
				CODE_SIGN_IDENTITY = "iPhone Developer";
				INFOPLIST_FILE = Email/Info.plist;
				IPHONEOS_DEPLOYMENT_TARGET = 8.3;
				LD_RUNPATH_SEARCH_PATHS = "$(inherited) @executable_path/Frameworks";
				PRODUCT_NAME = "$(TARGET_NAME)";
			};
			name = Debug;
		};
		347B67921AE2A470003DCEE1 /* Release */ = {
			isa = XCBuildConfiguration;
			buildSettings = {
				ASSETCATALOG_COMPILER_APPICON_NAME = AppIcon;
				CODE_SIGN_IDENTITY = "iPhone Developer";
				INFOPLIST_FILE = Email/Info.plist;
				IPHONEOS_DEPLOYMENT_TARGET = 8.3;
				LD_RUNPATH_SEARCH_PATHS = "$(inherited) @executable_path/Frameworks";
				PRODUCT_NAME = "$(TARGET_NAME)";
			};
			name = Release;
		};
		347B67941AE2A470003DCEE1 /* Debug */ = {
			isa = XCBuildConfiguration;
			buildSettings = {
				BUNDLE_LOADER = "$(TEST_HOST)";
				FRAMEWORK_SEARCH_PATHS = (
					"$(SDKROOT)/Developer/Library/Frameworks",
					"$(inherited)",
				);
				GCC_PREPROCESSOR_DEFINITIONS = (
					"DEBUG=1",
					"$(inherited)",
				);
				INFOPLIST_FILE = EmailTests/Info.plist;
				LD_RUNPATH_SEARCH_PATHS = "$(inherited) @executable_path/Frameworks @loader_path/Frameworks";
				PRODUCT_NAME = "$(TARGET_NAME)";
				TEST_HOST = "$(BUILT_PRODUCTS_DIR)/Email.app/Email";
			};
			name = Debug;
		};
		347B67951AE2A470003DCEE1 /* Release */ = {
			isa = XCBuildConfiguration;
			buildSettings = {
				BUNDLE_LOADER = "$(TEST_HOST)";
				FRAMEWORK_SEARCH_PATHS = (
					"$(SDKROOT)/Developer/Library/Frameworks",
					"$(inherited)",
				);
				INFOPLIST_FILE = EmailTests/Info.plist;
				LD_RUNPATH_SEARCH_PATHS = "$(inherited) @executable_path/Frameworks @loader_path/Frameworks";
				PRODUCT_NAME = "$(TARGET_NAME)";
				TEST_HOST = "$(BUILT_PRODUCTS_DIR)/Email.app/Email";
			};
			name = Release;
		};
/* End XCBuildConfiguration section */

/* Begin XCConfigurationList section */
		347B67691AE2A46F003DCEE1 /* Build configuration list for PBXProject "Email" */ = {
			isa = XCConfigurationList;
			buildConfigurations = (
				347B678E1AE2A470003DCEE1 /* Debug */,
				347B678F1AE2A470003DCEE1 /* Release */,
			);
			defaultConfigurationIsVisible = 0;
			defaultConfigurationName = Release;
		};
		347B67901AE2A470003DCEE1 /* Build configuration list for PBXNativeTarget "Email" */ = {
			isa = XCConfigurationList;
			buildConfigurations = (
				347B67911AE2A470003DCEE1 /* Debug */,
				347B67921AE2A470003DCEE1 /* Release */,
			);
			defaultConfigurationIsVisible = 0;
			defaultConfigurationName = Release;
		};
		347B67931AE2A470003DCEE1 /* Build configuration list for PBXNativeTarget "EmailTests" */ = {
			isa = XCConfigurationList;
			buildConfigurations = (
				347B67941AE2A470003DCEE1 /* Debug */,
				347B67951AE2A470003DCEE1 /* Release */,
			);
			defaultConfigurationIsVisible = 0;
			defaultConfigurationName = Release;
		};
/* End XCConfigurationList section */

/* Begin XCVersionGroup section */
		347B67751AE2A470003DCEE1 /* Email.xcdatamodeld */ = {
			isa = XCVersionGroup;
			children = (
				347B67761AE2A470003DCEE1 /* Email.xcdatamodel */,
			);
			currentVersion = 347B67761AE2A470003DCEE1 /* Email.xcdatamodel */;
			path = Email.xcdatamodeld;
			sourceTree = "<group>";
			versionGroupType = wrapper.xcdatamodel;
		};
/* End XCVersionGroup section */
	};
	rootObject = 347B67661AE2A46F003DCEE1 /* Project object */;
}
