PODS:
  - Realm (0.93.2):
    - Realm/Headers (= 0.93.2)
  - Realm/Headers (0.93.2)
  - RealmSwift (0.93.2):
    - Realm (= 0.93.2)
  - SwiftKeychainWrapper (1.0.9)

DEPENDENCIES:
  - RealmSwift
  - SwiftKeychainWrapper (from `https://github.com/jrendel/SwiftKeychainWrapper`,
    branch `master`)

EXTERNAL SOURCES:
  SwiftKeychainWrapper:
    :branch: master
    :git: https://github.com/jrendel/SwiftKeychainWrapper

CHECKOUT OPTIONS:
  SwiftKeychainWrapper:
    :commit: 523da7396f9834b185fde4821327e13b8b9a8536
    :git: https://github.com/jrendel/SwiftKeychainWrapper

SPEC CHECKSUMS:
  Realm: 2fdd0ae74f730e190384e0338d8a0d3654df8220
  RealmSwift: 231b064da9f98b1c4f325fe1f1cb8756aae2b8d6
  SwiftKeychainWrapper: e89472893a02cdd92a9775cd5ff3940e5cef5855

COCOAPODS: 0.37.2
